
Microsoft Visual Studio Solution File, Format Version 12.00
# Visual Studio Version 17
VisualStudioVersion = 17.8.34330.188
MinimumVisualStudioVersion = 10.0.40219.1
Project("{FAE04EC0-301F-11D3-BF4B-00C04F79EFBC}") = "Server", "Server\Server.csproj", "{CAD9B31C-6EEB-49EF-ADB5-721A948E77D3}"
EndProject
Project("{FAE04EC0-301F-11D3-BF4B-00C04F79EFBC}") = "Client", "Client\Client.csproj", "{51961A86-0ABD-4CBB-B292-9F93155F708C}"
EndProject
Project("{FAE04EC0-301F-11D3-BF4B-00C04F79EFBC}") = "BaseLibrary", "BaseLibrary\BaseLibrary.csproj", "{7F450D8C-9D49-4190-B1B5-6693C5F49BE1}"
EndProject
Project("{FAE04EC0-301F-11D3-BF4B-00C04F79EFBC}") = "ClientLibrary", "ClientLibrary\ClientLibrary.csproj", "{26485C58-5738-4813-988B-EF5035AF405C}"
EndProject
Project("{FAE04EC0-301F-11D3-BF4B-00C04F79EFBC}") = "ServerLibrary", "ServerLibrary\ServerLibrary.csproj", "{235816EC-3C30-4193-B9A7-62F25504AA6D}"
EndProject
Global
	GlobalSection(SolutionConfigurationPlatforms) = preSolution
		Debug|Any CPU = Debug|Any CPU
		Release|Any CPU = Release|Any CPU
	EndGlobalSection
	GlobalSection(ProjectConfigurationPlatforms) = postSolution
		{CAD9B31C-6EEB-49EF-ADB5-721A948E77D3}.Debug|Any CPU.ActiveCfg = Debug|Any CPU
		{CAD9B31C-6EEB-49EF-ADB5-721A948E77D3}.Debug|Any CPU.Build.0 = Debug|Any CPU
		{CAD9B31C-6EEB-49EF-ADB5-721A948E77D3}.Release|Any CPU.ActiveCfg = Release|Any CPU
		{CAD9B31C-6EEB-49EF-ADB5-721A948E77D3}.Release|Any CPU.Build.0 = Release|Any CPU
		{51961A86-0ABD-4CBB-B292-9F93155F708C}.Debug|Any CPU.ActiveCfg = Debug|Any CPU
		{51961A86-0ABD-4CBB-B292-9F93155F708C}.Debug|Any CPU.Build.0 = Debug|Any CPU
		{51961A86-0ABD-4CBB-B292-9F93155F708C}.Release|Any CPU.ActiveCfg = Release|Any CPU
		{51961A86-0ABD-4CBB-B292-9F93155F708C}.Release|Any CPU.Build.0 = Release|Any CPU
		{7F450D8C-9D49-4190-B1B5-6693C5F49BE1}.Debug|Any CPU.ActiveCfg = Debug|Any CPU
		{7F450D8C-9D49-4190-B1B5-6693C5F49BE1}.Debug|Any CPU.Build.0 = Debug|Any CPU
		{7F450D8C-9D49-4190-B1B5-6693C5F49BE1}.Release|Any CPU.ActiveCfg = Release|Any CPU
		{7F450D8C-9D49-4190-B1B5-6693C5F49BE1}.Release|Any CPU.Build.0 = Release|Any CPU
		{26485C58-5738-4813-988B-EF5035AF405C}.Debug|Any CPU.ActiveCfg = Debug|Any CPU
		{26485C58-5738-4813-988B-EF5035AF405C}.Debug|Any CPU.Build.0 = Debug|Any CPU
		{26485C58-5738-4813-988B-EF5035AF405C}.Release|Any CPU.ActiveCfg = Release|Any CPU
		{26485C58-5738-4813-988B-EF5035AF405C}.Release|Any CPU.Build.0 = Release|Any CPU
		{235816EC-3C30-4193-B9A7-62F25504AA6D}.Debug|Any CPU.ActiveCfg = Debug|Any CPU
		{235816EC-3C30-4193-B9A7-62F25504AA6D}.Debug|Any CPU.Build.0 = Debug|Any CPU
		{235816EC-3C30-4193-B9A7-62F25504AA6D}.Release|Any CPU.ActiveCfg = Release|Any CPU
		{235816EC-3C30-4193-B9A7-62F25504AA6D}.Release|Any CPU.Build.0 = Release|Any CPU
	EndGlobalSection
	GlobalSection(SolutionProperties) = preSolution
		HideSolutionNode = FALSE
	EndGlobalSection
	GlobalSection(ExtensibilityGlobals) = postSolution
		SolutionGuid = {AC30EF9A-E7D1-4865-908C-50348236B725}
	EndGlobalSection
EndGlobal
